
Microsoft Visual Studio Solution File, Format Version 12.00
# Visual Studio Version 16
VisualStudioVersion = 16.0.30621.155
MinimumVisualStudioVersion = 10.0.40219.1
Project("{FAE04EC0-301F-11D3-BF4B-00C04F79EFBC}") = "apiclassnet", "apiclassnet\apiclassnet.csproj", "{471A65E4-E09A-4ED2-B3DC-C7CCA782AC31}"
EndProject
Global
	GlobalSection(SolutionConfigurationPlatforms) = preSolution
		Debug|Any CPU = Debug|Any CPU
		Release|Any CPU = Release|Any CPU
	EndGlobalSection
	GlobalSection(ProjectConfigurationPlatforms) = postSolution
		{471A65E4-E09A-4ED2-B3DC-C7CCA782AC31}.Debug|Any CPU.ActiveCfg = Debug|Any CPU
		{471A65E4-E09A-4ED2-B3DC-C7CCA782AC31}.Debug|Any CPU.Build.0 = Debug|Any CPU
		{471A65E4-E09A-4ED2-B3DC-C7CCA782AC31}.Release|Any CPU.ActiveCfg = Release|Any CPU
		{471A65E4-E09A-4ED2-B3DC-C7CCA782AC31}.Release|Any CPU.Build.0 = Release|Any CPU
	EndGlobalSection
	GlobalSection(SolutionProperties) = preSolution
		HideSolutionNode = FALSE
	EndGlobalSection
	GlobalSection(ExtensibilityGlobals) = postSolution
		SolutionGuid = {0FA2761D-B45B-4BEE-AAD0-B3AEDFB6A97A}
	EndGlobalSection
EndGlobal
